
Microsoft Visual Studio Solution File, Format Version 12.00
# Visual Studio Version 17
VisualStudioVersion = 17.14.36518.9 d17.14
MinimumVisualStudioVersion = 10.0.40219.1
Project("{FAE04EC0-301F-11D3-BF4B-00C04F79EFBC}") = "Ejercicio1", "Ejercicio1.csproj", "{D9BD06C3-78C4-4EAB-B072-FD3CF68A178D}"
EndProject
Global
	GlobalSection(SolutionConfigurationPlatforms) = preSolution
		Debug|Any CPU = Debug|Any CPU
		Release|Any CPU = Release|Any CPU
	EndGlobalSection
	GlobalSection(ProjectConfigurationPlatforms) = postSolution
		{D9BD06C3-78C4-4EAB-B072-FD3CF68A178D}.Debug|Any CPU.ActiveCfg = Debug|Any CPU
		{D9BD06C3-78C4-4EAB-B072-FD3CF68A178D}.Debug|Any CPU.Build.0 = Debug|Any CPU
		{D9BD06C3-78C4-4EAB-B072-FD3CF68A178D}.Release|Any CPU.ActiveCfg = Release|Any CPU
		{D9BD06C3-78C4-4EAB-B072-FD3CF68A178D}.Release|Any CPU.Build.0 = Release|Any CPU
	EndGlobalSection
	GlobalSection(SolutionProperties) = preSolution
		HideSolutionNode = FALSE
	EndGlobalSection
	GlobalSection(ExtensibilityGlobals) = postSolution
		SolutionGuid = {24162E7B-C02C-46B4-8E30-EB70525568D5}
	EndGlobalSection
EndGlobal
