
Microsoft Visual Studio Solution File, Format Version 12.00
# Visual Studio Version 17
VisualStudioVersion = 17.14.36518.9 d17.14
MinimumVisualStudioVersion = 10.0.40219.1
Project("{FAE04EC0-301F-11D3-BF4B-00C04F79EFBC}") = "UI", "UI\UI.csproj", "{B36A4733-1022-4324-AC05-49D2EB8C6D59}"
EndProject
Project("{FAE04EC0-301F-11D3-BF4B-00C04F79EFBC}") = "Domain", "Domain\Domain.csproj", "{DD5A8C8D-B12E-4ECA-A2E0-A5A1D54CFDFB}"
EndProject
Project("{FAE04EC0-301F-11D3-BF4B-00C04F79EFBC}") = "Data", "Data\Data.csproj", "{67B40988-34DB-415E-988F-3FF553920F3C}"
EndProject
Global
	GlobalSection(SolutionConfigurationPlatforms) = preSolution
		Debug|Any CPU = Debug|Any CPU
		Release|Any CPU = Release|Any CPU
	EndGlobalSection
	GlobalSection(ProjectConfigurationPlatforms) = postSolution
		{B36A4733-1022-4324-AC05-49D2EB8C6D59}.Debug|Any CPU.ActiveCfg = Debug|Any CPU
		{B36A4733-1022-4324-AC05-49D2EB8C6D59}.Debug|Any CPU.Build.0 = Debug|Any CPU
		{B36A4733-1022-4324-AC05-49D2EB8C6D59}.Release|Any CPU.ActiveCfg = Release|Any CPU
		{B36A4733-1022-4324-AC05-49D2EB8C6D59}.Release|Any CPU.Build.0 = Release|Any CPU
		{DD5A8C8D-B12E-4ECA-A2E0-A5A1D54CFDFB}.Debug|Any CPU.ActiveCfg = Debug|Any CPU
		{DD5A8C8D-B12E-4ECA-A2E0-A5A1D54CFDFB}.Debug|Any CPU.Build.0 = Debug|Any CPU
		{DD5A8C8D-B12E-4ECA-A2E0-A5A1D54CFDFB}.Release|Any CPU.ActiveCfg = Release|Any CPU
		{DD5A8C8D-B12E-4ECA-A2E0-A5A1D54CFDFB}.Release|Any CPU.Build.0 = Release|Any CPU
		{67B40988-34DB-415E-988F-3FF553920F3C}.Debug|Any CPU.ActiveCfg = Debug|Any CPU
		{67B40988-34DB-415E-988F-3FF553920F3C}.Debug|Any CPU.Build.0 = Debug|Any CPU
		{67B40988-34DB-415E-988F-3FF553920F3C}.Release|Any CPU.ActiveCfg = Release|Any CPU
		{67B40988-34DB-415E-988F-3FF553920F3C}.Release|Any CPU.Build.0 = Release|Any CPU
	EndGlobalSection
	GlobalSection(SolutionProperties) = preSolution
		HideSolutionNode = FALSE
	EndGlobalSection
	GlobalSection(ExtensibilityGlobals) = postSolution
		SolutionGuid = {819746F9-EF32-4721-B274-248982EBDE45}
	EndGlobalSection
EndGlobal
