
Microsoft Visual Studio Solution File, Format Version 12.00
# Visual Studio Version 17
VisualStudioVersion = 17.14.36603.0 d17.14
MinimumVisualStudioVersion = 10.0.40219.1
Project("{FAE04EC0-301F-11D3-BF4B-00C04F79EFBC}") = "EjercicioMision", "EjercicioMision.csproj", "{D2665029-B0C2-4353-885D-61EB2E9CFFBF}"
EndProject
Project("{FAE04EC0-301F-11D3-BF4B-00C04F79EFBC}") = "Domain", "..\Domain\Domain.csproj", "{266ADEE4-9F2E-4E04-805D-F6CF38DDAB91}"
EndProject
Project("{FAE04EC0-301F-11D3-BF4B-00C04F79EFBC}") = "Data", "..\Data\Data.csproj", "{F394FAEF-0206-4F8E-8769-F188E3C7B1DC}"
EndProject
Global
	GlobalSection(SolutionConfigurationPlatforms) = preSolution
		Debug|Any CPU = Debug|Any CPU
		Release|Any CPU = Release|Any CPU
	EndGlobalSection
	GlobalSection(ProjectConfigurationPlatforms) = postSolution
		{D2665029-B0C2-4353-885D-61EB2E9CFFBF}.Debug|Any CPU.ActiveCfg = Debug|Any CPU
		{D2665029-B0C2-4353-885D-61EB2E9CFFBF}.Debug|Any CPU.Build.0 = Debug|Any CPU
		{D2665029-B0C2-4353-885D-61EB2E9CFFBF}.Release|Any CPU.ActiveCfg = Release|Any CPU
		{D2665029-B0C2-4353-885D-61EB2E9CFFBF}.Release|Any CPU.Build.0 = Release|Any CPU
		{266ADEE4-9F2E-4E04-805D-F6CF38DDAB91}.Debug|Any CPU.ActiveCfg = Debug|Any CPU
		{266ADEE4-9F2E-4E04-805D-F6CF38DDAB91}.Debug|Any CPU.Build.0 = Debug|Any CPU
		{266ADEE4-9F2E-4E04-805D-F6CF38DDAB91}.Release|Any CPU.ActiveCfg = Release|Any CPU
		{266ADEE4-9F2E-4E04-805D-F6CF38DDAB91}.Release|Any CPU.Build.0 = Release|Any CPU
		{F394FAEF-0206-4F8E-8769-F188E3C7B1DC}.Debug|Any CPU.ActiveCfg = Debug|Any CPU
		{F394FAEF-0206-4F8E-8769-F188E3C7B1DC}.Debug|Any CPU.Build.0 = Debug|Any CPU
		{F394FAEF-0206-4F8E-8769-F188E3C7B1DC}.Release|Any CPU.ActiveCfg = Release|Any CPU
		{F394FAEF-0206-4F8E-8769-F188E3C7B1DC}.Release|Any CPU.Build.0 = Release|Any CPU
	EndGlobalSection
	GlobalSection(SolutionProperties) = preSolution
		HideSolutionNode = FALSE
	EndGlobalSection
	GlobalSection(ExtensibilityGlobals) = postSolution
		SolutionGuid = {434351CD-7E81-42C9-82F5-6350A2D782C7}
	EndGlobalSection
EndGlobal
